
Microsoft Visual Studio Solution File, Format Version 12.00
# Visual Studio Version 17
VisualStudioVersion = 17.0.32014.148
MinimumVisualStudioVersion = 10.0.40219.1
Project("{FAE04EC0-301F-11D3-BF4B-00C04F79EFBC}") = "Captain", "Captain\Captain.csproj", "{293178C3-5FE0-45AA-ABEF-AB3A99FCA3C0}"
EndProject
Project("{FAE04EC0-301F-11D3-BF4B-00C04F79EFBC}") = "Captain.Common", "Captain.Common\Captain.Common.csproj", "{B2C71E34-31A8-4232-AF2D-592A8CE93338}"
EndProject
Project("{FAE04EC0-301F-11D3-BF4B-00C04F79EFBC}") = "Captain.Database", "Captain.Database\Captain.Database.csproj", "{CC5ED93D-80A9-4DCF-A87F-C89ADDAF0BD0}"
EndProject
Global
	GlobalSection(SolutionConfigurationPlatforms) = preSolution
		Debug|Any CPU = Debug|Any CPU
		Release|Any CPU = Release|Any CPU
	EndGlobalSection
	GlobalSection(ProjectConfigurationPlatforms) = postSolution
		{293178C3-5FE0-45AA-ABEF-AB3A99FCA3C0}.Debug|Any CPU.ActiveCfg = Debug|Any CPU
		{293178C3-5FE0-45AA-ABEF-AB3A99FCA3C0}.Debug|Any CPU.Build.0 = Debug|Any CPU
		{293178C3-5FE0-45AA-ABEF-AB3A99FCA3C0}.Release|Any CPU.ActiveCfg = Release|Any CPU
		{293178C3-5FE0-45AA-ABEF-AB3A99FCA3C0}.Release|Any CPU.Build.0 = Release|Any CPU
		{B2C71E34-31A8-4232-AF2D-592A8CE93338}.Debug|Any CPU.ActiveCfg = Debug|Any CPU
		{B2C71E34-31A8-4232-AF2D-592A8CE93338}.Debug|Any CPU.Build.0 = Debug|Any CPU
		{B2C71E34-31A8-4232-AF2D-592A8CE93338}.Release|Any CPU.ActiveCfg = Release|Any CPU
		{B2C71E34-31A8-4232-AF2D-592A8CE93338}.Release|Any CPU.Build.0 = Release|Any CPU
		{CC5ED93D-80A9-4DCF-A87F-C89ADDAF0BD0}.Debug|Any CPU.ActiveCfg = Debug|Any CPU
		{CC5ED93D-80A9-4DCF-A87F-C89ADDAF0BD0}.Debug|Any CPU.Build.0 = Debug|Any CPU
		{CC5ED93D-80A9-4DCF-A87F-C89ADDAF0BD0}.Release|Any CPU.ActiveCfg = Release|Any CPU
		{CC5ED93D-80A9-4DCF-A87F-C89ADDAF0BD0}.Release|Any CPU.Build.0 = Release|Any CPU
	EndGlobalSection
	GlobalSection(SolutionProperties) = preSolution
		HideSolutionNode = FALSE
	EndGlobalSection
	GlobalSection(ExtensibilityGlobals) = postSolution
		SolutionGuid = {447BC78B-7800-492D-A3F9-CEEA8A252D90}
	EndGlobalSection
EndGlobal
